
Microsoft Visual Studio Solution File, Format Version 12.00
# Visual Studio Version 17
VisualStudioVersion = 17.6.33829.357
MinimumVisualStudioVersion = 10.0.40219.1
Project("{8BC9CEB8-8B4A-11D0-8D11-00A0C91BC942}") = "lab_11_12_task3", "lab_11_12_task3\lab_11_12_task3.vcxproj", "{9BFB4FC2-D641-4AB3-B9CC-5E328A366234}"
EndProject
Global
	GlobalSection(SolutionConfigurationPlatforms) = preSolution
		Debug|x64 = Debug|x64
		Debug|x86 = Debug|x86
		Release|x64 = Release|x64
		Release|x86 = Release|x86
	EndGlobalSection
	GlobalSection(ProjectConfigurationPlatforms) = postSolution
		{9BFB4FC2-D641-4AB3-B9CC-5E328A366234}.Debug|x64.ActiveCfg = Debug|x64
		{9BFB4FC2-D641-4AB3-B9CC-5E328A366234}.Debug|x64.Build.0 = Debug|x64
		{9BFB4FC2-D641-4AB3-B9CC-5E328A366234}.Debug|x86.ActiveCfg = Debug|Win32
		{9BFB4FC2-D641-4AB3-B9CC-5E328A366234}.Debug|x86.Build.0 = Debug|Win32
		{9BFB4FC2-D641-4AB3-B9CC-5E328A366234}.Release|x64.ActiveCfg = Release|x64
		{9BFB4FC2-D641-4AB3-B9CC-5E328A366234}.Release|x64.Build.0 = Release|x64
		{9BFB4FC2-D641-4AB3-B9CC-5E328A366234}.Release|x86.ActiveCfg = Release|Win32
		{9BFB4FC2-D641-4AB3-B9CC-5E328A366234}.Release|x86.Build.0 = Release|Win32
	EndGlobalSection
	GlobalSection(SolutionProperties) = preSolution
		HideSolutionNode = FALSE
	EndGlobalSection
	GlobalSection(ExtensibilityGlobals) = postSolution
		SolutionGuid = {9D0DC3C7-A993-488B-B2B8-F8293C5E6F30}
	EndGlobalSection
EndGlobal
